
Microsoft Visual Studio Solution File, Format Version 12.00
# Visual Studio Version 16
VisualStudioVersion = 16.0.29721.120
MinimumVisualStudioVersion = 15.0.26124.0
Project("{9A19103F-16F7-4668-BE54-9A1E7A4F7556}") = "SkiaTextRenderer", "SkiaTextRenderer\SkiaTextRenderer.csproj", "{61B38CBD-5209-4F49-98D3-7B784DA50E6F}"
EndProject
Project("{FAE04EC0-301F-11D3-BF4B-00C04F79EFBC}") = "SkiaTextRenderer.Test", "SkiaTextRenderer.Test\SkiaTextRenderer.Test.csproj", "{2CF143C3-85CE-4982-BEFF-2F93EEDD255F}"
EndProject
Project("{FAE04EC0-301F-11D3-BF4B-00C04F79EFBC}") = "SkiaTextRenderer.UnitTest", "SkiaTextRenderer.UnitTest\SkiaTextRenderer.UnitTest.csproj", "{22749199-9D4D-4351-B82A-75F46DCF7729}"
EndProject
Global
	GlobalSection(SolutionConfigurationPlatforms) = preSolution
		Debug|Any CPU = Debug|Any CPU
		Debug|x64 = Debug|x64
		Debug|x86 = Debug|x86
		Release|Any CPU = Release|Any CPU
		Release|x64 = Release|x64
		Release|x86 = Release|x86
	EndGlobalSection
	GlobalSection(ProjectConfigurationPlatforms) = postSolution
		{61B38CBD-5209-4F49-98D3-7B784DA50E6F}.Debug|Any CPU.ActiveCfg = Debug|Any CPU
		{61B38CBD-5209-4F49-98D3-7B784DA50E6F}.Debug|Any CPU.Build.0 = Debug|Any CPU
		{61B38CBD-5209-4F49-98D3-7B784DA50E6F}.Debug|x64.ActiveCfg = Debug|Any CPU
		{61B38CBD-5209-4F49-98D3-7B784DA50E6F}.Debug|x64.Build.0 = Debug|Any CPU
		{61B38CBD-5209-4F49-98D3-7B784DA50E6F}.Debug|x86.ActiveCfg = Debug|Any CPU
		{61B38CBD-5209-4F49-98D3-7B784DA50E6F}.Debug|x86.Build.0 = Debug|Any CPU
		{61B38CBD-5209-4F49-98D3-7B784DA50E6F}.Release|Any CPU.ActiveCfg = Release|Any CPU
		{61B38CBD-5209-4F49-98D3-7B784DA50E6F}.Release|Any CPU.Build.0 = Release|Any CPU
		{61B38CBD-5209-4F49-98D3-7B784DA50E6F}.Release|x64.ActiveCfg = Release|Any CPU
		{61B38CBD-5209-4F49-98D3-7B784DA50E6F}.Release|x64.Build.0 = Release|Any CPU
		{61B38CBD-5209-4F49-98D3-7B784DA50E6F}.Release|x86.ActiveCfg = Release|Any CPU
		{61B38CBD-5209-4F49-98D3-7B784DA50E6F}.Release|x86.Build.0 = Release|Any CPU
		{2CF143C3-85CE-4982-BEFF-2F93EEDD255F}.Debug|Any CPU.ActiveCfg = Debug|Any CPU
		{2CF143C3-85CE-4982-BEFF-2F93EEDD255F}.Debug|Any CPU.Build.0 = Debug|Any CPU
		{2CF143C3-85CE-4982-BEFF-2F93EEDD255F}.Debug|x64.ActiveCfg = Debug|Any CPU
		{2CF143C3-85CE-4982-BEFF-2F93EEDD255F}.Debug|x64.Build.0 = Debug|Any CPU
		{2CF143C3-85CE-4982-BEFF-2F93EEDD255F}.Debug|x86.ActiveCfg = Debug|Any CPU
		{2CF143C3-85CE-4982-BEFF-2F93EEDD255F}.Debug|x86.Build.0 = Debug|Any CPU
		{2CF143C3-85CE-4982-BEFF-2F93EEDD255F}.Release|Any CPU.ActiveCfg = Release|Any CPU
		{2CF143C3-85CE-4982-BEFF-2F93EEDD255F}.Release|Any CPU.Build.0 = Release|Any CPU
		{2CF143C3-85CE-4982-BEFF-2F93EEDD255F}.Release|x64.ActiveCfg = Release|Any CPU
		{2CF143C3-85CE-4982-BEFF-2F93EEDD255F}.Release|x64.Build.0 = Release|Any CPU
		{2CF143C3-85CE-4982-BEFF-2F93EEDD255F}.Release|x86.ActiveCfg = Release|Any CPU
		{2CF143C3-85CE-4982-BEFF-2F93EEDD255F}.Release|x86.Build.0 = Release|Any CPU
		{22749199-9D4D-4351-B82A-75F46DCF7729}.Debug|Any CPU.ActiveCfg = Debug|Any CPU
		{22749199-9D4D-4351-B82A-75F46DCF7729}.Debug|Any CPU.Build.0 = Debug|Any CPU
		{22749199-9D4D-4351-B82A-75F46DCF7729}.Debug|x64.ActiveCfg = Debug|Any CPU
		{22749199-9D4D-4351-B82A-75F46DCF7729}.Debug|x64.Build.0 = Debug|Any CPU
		{22749199-9D4D-4351-B82A-75F46DCF7729}.Debug|x86.ActiveCfg = Debug|Any CPU
		{22749199-9D4D-4351-B82A-75F46DCF7729}.Debug|x86.Build.0 = Debug|Any CPU
		{22749199-9D4D-4351-B82A-75F46DCF7729}.Release|Any CPU.ActiveCfg = Release|Any CPU
		{22749199-9D4D-4351-B82A-75F46DCF7729}.Release|Any CPU.Build.0 = Release|Any CPU
		{22749199-9D4D-4351-B82A-75F46DCF7729}.Release|x64.ActiveCfg = Release|Any CPU
		{22749199-9D4D-4351-B82A-75F46DCF7729}.Release|x64.Build.0 = Release|Any CPU
		{22749199-9D4D-4351-B82A-75F46DCF7729}.Release|x86.ActiveCfg = Release|Any CPU
		{22749199-9D4D-4351-B82A-75F46DCF7729}.Release|x86.Build.0 = Release|Any CPU
	EndGlobalSection
	GlobalSection(SolutionProperties) = preSolution
		HideSolutionNode = FALSE
	EndGlobalSection
	GlobalSection(ExtensibilityGlobals) = postSolution
		SolutionGuid = {2BFBC0B0-F7B7-4F5B-918C-5FE0EF9D02FC}
	EndGlobalSection
EndGlobal
